
Microsoft Visual Studio Solution File, Format Version 12.00
# Visual Studio Version 17
VisualStudioVersion = 17.13.35818.85 d17.13
MinimumVisualStudioVersion = 10.0.40219.1
Project("{FAE04EC0-301F-11D3-BF4B-00C04F79EFBC}") = "ControleDeGastos.API", "ControleDeGastos\ControleDeGastos.API.csproj", "{201DA0AC-F61A-4B43-BFAB-275500ADE9C5}"
EndProject
Global
	GlobalSection(SolutionConfigurationPlatforms) = preSolution
		Debug|Any CPU = Debug|Any CPU
		Release|Any CPU = Release|Any CPU
	EndGlobalSection
	GlobalSection(ProjectConfigurationPlatforms) = postSolution
		{201DA0AC-F61A-4B43-BFAB-275500ADE9C5}.Debug|Any CPU.ActiveCfg = Debug|Any CPU
		{201DA0AC-F61A-4B43-BFAB-275500ADE9C5}.Debug|Any CPU.Build.0 = Debug|Any CPU
		{201DA0AC-F61A-4B43-BFAB-275500ADE9C5}.Release|Any CPU.ActiveCfg = Release|Any CPU
		{201DA0AC-F61A-4B43-BFAB-275500ADE9C5}.Release|Any CPU.Build.0 = Release|Any CPU
	EndGlobalSection
	GlobalSection(SolutionProperties) = preSolution
		HideSolutionNode = FALSE
	EndGlobalSection
	GlobalSection(ExtensibilityGlobals) = postSolution
		SolutionGuid = {40DA878A-168D-407B-A2E8-3373436D77BD}
	EndGlobalSection
EndGlobal
